
Microsoft Visual Studio Solution File, Format Version 12.00
# Visual Studio Version 17
VisualStudioVersion = 17.10.34928.147
MinimumVisualStudioVersion = 10.0.40219.1
Project("{FAE04EC0-301F-11D3-BF4B-00C04F79EFBC}") = "WarThreads_Lab_6", "WarThreads_Lab_6\WarThreads_Lab_6.csproj", "{CDDC1A33-B84B-4756-85BF-6C24674753C8}"
EndProject
Global
	GlobalSection(SolutionConfigurationPlatforms) = preSolution
		Debug|Any CPU = Debug|Any CPU
		Release|Any CPU = Release|Any CPU
	EndGlobalSection
	GlobalSection(ProjectConfigurationPlatforms) = postSolution
		{CDDC1A33-B84B-4756-85BF-6C24674753C8}.Debug|Any CPU.ActiveCfg = Debug|Any CPU
		{CDDC1A33-B84B-4756-85BF-6C24674753C8}.Debug|Any CPU.Build.0 = Debug|Any CPU
		{CDDC1A33-B84B-4756-85BF-6C24674753C8}.Release|Any CPU.ActiveCfg = Release|Any CPU
		{CDDC1A33-B84B-4756-85BF-6C24674753C8}.Release|Any CPU.Build.0 = Release|Any CPU
	EndGlobalSection
	GlobalSection(SolutionProperties) = preSolution
		HideSolutionNode = FALSE
	EndGlobalSection
	GlobalSection(ExtensibilityGlobals) = postSolution
		SolutionGuid = {1AAFBCBB-5769-4593-9746-1DBCB1448E7E}
	EndGlobalSection
EndGlobal
